// !$*UTF8*$!
{
	archiveVersion = 1;
	classes = {
	};
	objectVersion = 46;
	objects = {

/* Begin PBXBuildFile section */
		9463E5F11F1FC68A00FCB82A /* AppDelegate.swift in Sources */ = {isa = PBXBuildFile; fileRef = 9463E5F01F1FC68A00FCB82A /* AppDelegate.swift */; };
		9463E5F31F1FC68A00FCB82A /* ViewController.swift in Sources */ = {isa = PBXBuildFile; fileRef = 9463E5F21F1FC68A00FCB82A /* ViewController.swift */; };
		9463E5F61F1FC68A00FCB82A /* Main.storyboard in Resources */ = {isa = PBXBuildFile; fileRef = 9463E5F41F1FC68A00FCB82A /* Main.storyboard */; };
		9463E5F81F1FC68A00FCB82A /* Assets.xcassets in Resources */ = {isa = PBXBuildFile; fileRef = 9463E5F71F1FC68A00FCB82A /* Assets.xcassets */; };
		9463E5FB1F1FC68A00FCB82A /* LaunchScreen.storyboard in Resources */ = {isa = PBXBuildFile; fileRef = 9463E5F91F1FC68A00FCB82A /* LaunchScreen.storyboard */; };
		9463E6031F1FCE5900FCB82A /* Flashcards.swift in Sources */ = {isa = PBXBuildFile; fileRef = 9463E6021F1FCE5900FCB82A /* Flashcards.swift */; };
/* End PBXBuildFile section */

/* Begin PBXFileReference section */
		9463E5ED1F1FC68A00FCB82A /* Flash Card.app */ = {isa = PBXFileReference; explicitFileType = wrapper.application; includeInIndex = 0; path = "Flash Card.app"; sourceTree = BUILT_PRODUCTS_DIR; };
		9463E5F01F1FC68A00FCB82A /* AppDelegate.swift */ = {isa = PBXFileReference; lastKnownFileType = sourcecode.swift; path = AppDelegate.swift; sourceTree = "<group>"; };
		9463E5F21F1FC68A00FCB82A /* ViewController.swift */ = {isa = PBXFileReference; lastKnownFileType = sourcecode.swift; path = ViewController.swift; sourceTree = "<group>"; };
		9463E5F51F1FC68A00FCB82A /* Base */ = {isa = PBXFileReference; lastKnownFileType = file.storyboard; name = Base; path = Base.lproj/Main.storyboard; sourceTree = "<group>"; };
		9463E5F71F1FC68A00FCB82A /* Assets.xcassets */ = {isa = PBXFileReference; lastKnownFileType = folder.assetcatalog; path = Assets.xcassets; sourceTree = "<group>"; };
		9463E5FA1F1FC68A00FCB82A /* Base */ = {isa = PBXFileReference; lastKnownFileType = file.storyboard; name = Base; path = Base.lproj/LaunchScreen.storyboard; sourceTree = "<group>"; };
		9463E5FC1F1FC68A00FCB82A /* Info.plist */ = {isa = PBXFileReference; lastKnownFileType = text.plist.xml; path = Info.plist; sourceTree = "<group>"; };
		9463E6021F1FCE5900FCB82A /* Flashcards.swift */ = {isa = PBXFileReference; fileEncoding = 4; lastKnownFileType = sourcecode.swift; path = Flashcards.swift; sourceTree = "<group>"; };
/* End PBXFileReference section */

/* Begin PBXFrameworksBuildPhase section */
		9463E5EA1F1FC68A00FCB82A /* Frameworks */ = {
			isa = PBXFrameworksBuildPhase;
			buildActionMask = 2147483647;
			files = (
			);
			runOnlyForDeploymentPostprocessing = 0;
		};
/* End PBXFrameworksBuildPhase section */

/* Begin PBXGroup section */
		9463E5E41F1FC68A00FCB82A = {
			isa = PBXGroup;
			children = (
				9463E5EF1F1FC68A00FCB82A /* Flash Card */,
				9463E5EE1F1FC68A00FCB82A /* Products */,
			);
			sourceTree = "<group>";
		};
		9463E5EE1F1FC68A00FCB82A /* Products */ = {
			isa = PBXGroup;
			children = (
				9463E5ED1F1FC68A00FCB82A /* Flash Card.app */,
			);
			name = Products;
			sourceTree = "<group>";
		};
		9463E5EF1F1FC68A00FCB82A /* Flash Card */ = {
			isa = PBXGroup;
			children = (
				9463E5F01F1FC68A00FCB82A /* AppDelegate.swift */,
				9463E5F21F1FC68A00FCB82A /* ViewController.swift */,
				9463E5F41F1FC68A00FCB82A /* Main.storyboard */,
				9463E6021F1FCE5900FCB82A /* Flashcards.swift */,
				9463E5F71F1FC68A00FCB82A /* Assets.xcassets */,
				9463E5F91F1FC68A00FCB82A /* LaunchScreen.storyboard */,
				9463E5FC1F1FC68A00FCB82A /* Info.plist */,
			);
			path = "Flash Card";
			sourceTree = "<group>";
		};
/* End PBXGroup section */

/* Begin PBXNativeTarget section */
		9463E5EC1F1FC68A00FCB82A /* Flash Card */ = {
			isa = PBXNativeTarget;
			buildConfigurationList = 9463E5FF1F1FC68A00FCB82A /* Build configuration list for PBXNativeTarget "Flash Card" */;
			buildPhases = (
				9463E5E91F1FC68A00FCB82A /* Sources */,
				9463E5EA1F1FC68A00FCB82A /* Frameworks */,
				9463E5EB1F1FC68A00FCB82A /* Resources */,
			);
			buildRules = (
			);
			dependencies = (
			);
			name = "Flash Card";
			productName = "Flash Card";
			productReference = 9463E5ED1F1FC68A00FCB82A /* Flash Card.app */;
			productType = "com.apple.product-type.application";
		};
/* End PBXNativeTarget section */

/* Begin PBXProject section */
		9463E5E51F1FC68A00FCB82A /* Project object */ = {
			isa = PBXProject;
			attributes = {
				LastSwiftUpdateCheck = 0830;
				LastUpgradeCheck = 0830;
				ORGANIZATIONNAME = "iD Tech";
				TargetAttributes = {
					9463E5EC1F1FC68A00FCB82A = {
						CreatedOnToolsVersion = 8.3.1;
						ProvisioningStyle = Automatic;
					};
				};
			};
			buildConfigurationList = 9463E5E81F1FC68A00FCB82A /* Build configuration list for PBXProject "Flash Card" */;
			compatibilityVersion = "Xcode 3.2";
			developmentRegion = English;
			hasScannedForEncodings = 0;
			knownRegions = (
				en,
				Base,
			);
			mainGroup = 9463E5E41F1FC68A00FCB82A;
			productRefGroup = 9463E5EE1F1FC68A00FCB82A /* Products */;
			projectDirPath = "";
			projectRoot = "";
			targets = (
				9463E5EC1F1FC68A00FCB82A /* Flash Card */,
			);
		};
/* End PBXProject section */

/* Begin PBXResourcesBuildPhase section */
		9463E5EB1F1FC68A00FCB82A /* Resources */ = {
			isa = PBXResourcesBuildPhase;
			buildActionMask = 2147483647;
			files = (
				9463E5FB1F1FC68A00FCB82A /* LaunchScreen.storyboard in Resources */,
				9463E5F81F1FC68A00FCB82A /* Assets.xcassets in Resources */,
				9463E5F61F1FC68A00FCB82A /* Main.storyboard in Resources */,
			);
			runOnlyForDeploymentPostprocessing = 0;
		};
/* End PBXResourcesBuildPhase section */

/* Begin PBXSourcesBuildPhase section */
		9463E5E91F1FC68A00FCB82A /* Sources */ = {
			isa = PBXSourcesBuildPhase;
			buildActionMask = 2147483647;
			files = (
				9463E6031F1FCE5900FCB82A /* Flashcards.swift in Sources */,
				9463E5F31F1FC68A00FCB82A /* ViewController.swift in Sources */,
				9463E5F11F1FC68A00FCB82A /* AppDelegate.swift in Sources */,
			);
			runOnlyForDeploymentPostprocessing = 0;
		};
/* End PBXSourcesBuildPhase section */

/* Begin PBXVariantGroup section */
		9463E5F41F1FC68A00FCB82A /* Main.storyboard */ = {
			isa = PBXVariantGroup;
			children = (
				9463E5F51F1FC68A00FCB82A /* Base */,
			);
			name = Main.storyboard;
			sourceTree = "<group>";
		};
		9463E5F91F1FC68A00FCB82A /* LaunchScreen.storyboard */ = {
			isa = PBXVariantGroup;
			children = (
				9463E5FA1F1FC68A00FCB82A /* Base */,
			);
			name = LaunchScreen.storyboard;
			sourceTree = "<group>";
		};
/* End PBXVariantGroup section */

/* Begin XCBuildConfiguration section */
		9463E5FD1F1FC68A00FCB82A /* Debug */ = {
			isa = XCBuildConfiguration;
			buildSettings = {
				ALWAYS_SEARCH_USER_PATHS = NO;
				CLANG_ANALYZER_NONNULL = YES;
				CLANG_ANALYZER_NUMBER_OBJECT_CONVERSION = YES_AGGRESSIVE;
				CLANG_CXX_LANGUAGE_STANDARD = "gnu++0x";
				CLANG_CXX_LIBRARY = "libc++";
				CLANG_ENABLE_MODULES = YES;
				CLANG_ENABLE_OBJC_ARC = YES;
				CLANG_WARN_BOOL_CONVERSION = YES;
				CLANG_WARN_CONSTANT_CONVERSION = YES;
				CLANG_WARN_DIRECT_OBJC_ISA_USAGE = YES_ERROR;
				CLANG_WARN_DOCUMENTATION_COMMENTS = YES;
				CLANG_WARN_EMPTY_BODY = YES;
				CLANG_WARN_ENUM_CONVERSION = YES;
				CLANG_WARN_INFINITE_RECURSION = YES;
				CLANG_WARN_INT_CONVERSION = YES;
				CLANG_WARN_OBJC_ROOT_CLASS = YES_ERROR;
				CLANG_WARN_SUSPICIOUS_MOVE = YES;
				CLANG_WARN_UNREACHABLE_CODE = YES;
				CLANG_WARN__DUPLICATE_METHOD_MATCH = YES;
				"CODE_SIGN_IDENTITY[sdk=iphoneos*]" = "iPhone Developer";
				COPY_PHASE_STRIP = NO;
				DEBUG_INFORMATION_FORMAT = dwarf;
				ENABLE_STRICT_OBJC_MSGSEND = YES;
				ENABLE_TESTABILITY = YES;
				GCC_C_LANGUAGE_STANDARD = gnu99;
				GCC_DYNAMIC_NO_PIC = NO;
				GCC_NO_COMMON_BLOCKS = YES;
				GCC_OPTIMIZATION_LEVEL = 0;
				GCC_PREPROCESSOR_DEFINITIONS = (
					"DEBUG=1",
					"$(inherited)",
				);
				GCC_WARN_64_TO_32_BIT_CONVERSION = YES;
				GCC_WARN_ABOUT_RETURN_TYPE = YES_ERROR;
				GCC_WARN_UNDECLARED_SELECTOR = YES;
				GCC_WARN_UNINITIALIZED_AUTOS = YES_AGGRESSIVE;
				GCC_WARN_UNUSED_FUNCTION = YES;
				GCC_WARN_UNUSED_VARIABLE = YES;
				IPHONEOS_DEPLOYMENT_TARGET = 10.3;
				MTL_ENABLE_DEBUG_INFO = YES;
				ONLY_ACTIVE_ARCH = YES;
				SDKROOT = iphoneos;
				SWIFT_ACTIVE_COMPILATION_CONDITIONS = DEBUG;
				SWIFT_OPTIMIZATION_LEVEL = "-Onone";
			};
			name = Debug;
		};
		9463E5FE1F1FC68A00FCB82A /* Release */ = {
			isa = XCBuildConfiguration;
			buildSettings = {
				ALWAYS_SEARCH_USER_PATHS = NO;
				CLANG_ANALYZER_NONNULL = YES;
				CLANG_ANALYZER_NUMBER_OBJECT_CONVERSION = YES_AGGRESSIVE;
				CLANG_CXX_LANGUAGE_STANDARD = "gnu++0x";
				CLANG_CXX_LIBRARY = "libc++";
				CLANG_ENABLE_MODULES = YES;
				CLANG_ENABLE_OBJC_ARC = YES;
				CLANG_WARN_BOOL_CONVERSION = YES;
				CLANG_WARN_CONSTANT_CONVERSION = YES;
				CLANG_WARN_DIRECT_OBJC_ISA_USAGE = YES_ERROR;
				CLANG_WARN_DOCUMENTATION_COMMENTS = YES;
				CLANG_WARN_EMPTY_BODY = YES;
				CLANG_WARN_ENUM_CONVERSION = YES;
				CLANG_WARN_INFINITE_RECURSION = YES;
				CLANG_WARN_INT_CONVERSION = YES;
				CLANG_WARN_OBJC_ROOT_CLASS = YES_ERROR;
				CLANG_WARN_SUSPICIOUS_MOVE = YES;
				CLANG_WARN_UNREACHABLE_CODE = YES;
				CLANG_WARN__DUPLICATE_METHOD_MATCH = YES;
				"CODE_SIGN_IDENTITY[sdk=iphoneos*]" = "iPhone Developer";
				COPY_PHASE_STRIP = NO;
				DEBUG_INFORMATION_FORMAT = "dwarf-with-dsym";
				ENABLE_NS_ASSERTIONS = NO;
				ENABLE_STRICT_OBJC_MSGSEND = YES;
				GCC_C_LANGUAGE_STANDARD = gnu99;
				GCC_NO_COMMON_BLOCKS = YES;
				GCC_WARN_64_TO_32_BIT_CONVERSION = YES;
				GCC_WARN_ABOUT_RETURN_TYPE = YES_ERROR;
				GCC_WARN_UNDECLARED_SELECTOR = YES;
				GCC_WARN_UNINITIALIZED_AUTOS = YES_AGGRESSIVE;
				GCC_WARN_UNUSED_FUNCTION = YES;
				GCC_WARN_UNUSED_VARIABLE = YES;
				IPHONEOS_DEPLOYMENT_TARGET = 10.3;
				MTL_ENABLE_DEBUG_INFO = NO;
				SDKROOT = iphoneos;
				SWIFT_OPTIMIZATION_LEVEL = "-Owholemodule";
				VALIDATE_PRODUCT = YES;
			};
			name = Release;
		};
		9463E6001F1FC68A00FCB82A /* Debug */ = {
			isa = XCBuildConfiguration;
			buildSettings = {
				ASSETCATALOG_COMPILER_APPICON_NAME = AppIcon;
				INFOPLIST_FILE = "Flash Card/Info.plist";
				LD_RUNPATH_SEARCH_PATHS = "$(inherited) @executable_path/Frameworks";
				PRODUCT_BUNDLE_IDENTIFIER = "com.iDTech.Matthew.Flash-Card";
				PRODUCT_NAME = "$(TARGET_NAME)";
				SWIFT_VERSION = 3.0;
			};
			name = Debug;
		};
		9463E6011F1FC68A00FCB82A /* Release */ = {
			isa = XCBuildConfiguration;
			buildSettings = {
				ASSETCATALOG_COMPILER_APPICON_NAME = AppIcon;
				INFOPLIST_FILE = "Flash Card/Info.plist";
				LD_RUNPATH_SEARCH_PATHS = "$(inherited) @executable_path/Frameworks";
				PRODUCT_BUNDLE_IDENTIFIER = "com.iDTech.Matthew.Flash-Card";
				PRODUCT_NAME = "$(TARGET_NAME)";
				SWIFT_VERSION = 3.0;
			};
			name = Release;
		};
/* End XCBuildConfiguration section */

/* Begin XCConfigurationList section */
		9463E5E81F1FC68A00FCB82A /* Build configuration list for PBXProject "Flash Card" */ = {
			isa = XCConfigurationList;
			buildConfigurations = (
				9463E5FD1F1FC68A00FCB82A /* Debug */,
				9463E5FE1F1FC68A00FCB82A /* Release */,
			);
			defaultConfigurationIsVisible = 0;
			defaultConfigurationName = Release;
		};
		9463E5FF1F1FC68A00FCB82A /* Build configuration list for PBXNativeTarget "Flash Card" */ = {
			isa = XCConfigurationList;
			buildConfigurations = (
				9463E6001F1FC68A00FCB82A /* Debug */,
				9463E6011F1FC68A00FCB82A /* Release */,
			);
			defaultConfigurationIsVisible = 0;
		};
/* End XCConfigurationList section */
	};
	rootObject = 9463E5E51F1FC68A00FCB82A /* Project object */;
}
